
Microsoft Visual Studio Solution File, Format Version 12.00
# Visual Studio Version 16
VisualStudioVersion = 16.0.30011.22
MinimumVisualStudioVersion = 10.0.40219.1
Project("{9A19103F-16F7-4668-BE54-9A1E7A4F7556}") = "SwaggerShowcase", "SwaggerShowcase.csproj", "{5CD81F8B-FFAA-4045-A9A5-5B121DD1059D}"
EndProject
Project("{FAE04EC0-301F-11D3-BF4B-00C04F79EFBC}") = "SwaggerShowcaseTests", "..\SwaggerShowcaseTests\SwaggerShowcaseTests.csproj", "{F1A07E7D-D08F-4772-AF18-61FBAC6BE7B1}"
EndProject
Global
	GlobalSection(SolutionConfigurationPlatforms) = preSolution
		Debug|Any CPU = Debug|Any CPU
		Release|Any CPU = Release|Any CPU
	EndGlobalSection
	GlobalSection(ProjectConfigurationPlatforms) = postSolution
		{5CD81F8B-FFAA-4045-A9A5-5B121DD1059D}.Debug|Any CPU.ActiveCfg = Debug|Any CPU
		{5CD81F8B-FFAA-4045-A9A5-5B121DD1059D}.Debug|Any CPU.Build.0 = Debug|Any CPU
		{5CD81F8B-FFAA-4045-A9A5-5B121DD1059D}.Release|Any CPU.ActiveCfg = Release|Any CPU
		{5CD81F8B-FFAA-4045-A9A5-5B121DD1059D}.Release|Any CPU.Build.0 = Release|Any CPU
		{F1A07E7D-D08F-4772-AF18-61FBAC6BE7B1}.Debug|Any CPU.ActiveCfg = Debug|Any CPU
		{F1A07E7D-D08F-4772-AF18-61FBAC6BE7B1}.Debug|Any CPU.Build.0 = Debug|Any CPU
		{F1A07E7D-D08F-4772-AF18-61FBAC6BE7B1}.Release|Any CPU.ActiveCfg = Release|Any CPU
		{F1A07E7D-D08F-4772-AF18-61FBAC6BE7B1}.Release|Any CPU.Build.0 = Release|Any CPU
	EndGlobalSection
	GlobalSection(SolutionProperties) = preSolution
		HideSolutionNode = FALSE
	EndGlobalSection
	GlobalSection(ExtensibilityGlobals) = postSolution
		SolutionGuid = {4EE4DB9A-C2D2-4F39-AD3F-8B439A7AF7BF}
	EndGlobalSection
EndGlobal
